Microsoft Visual Studio Solution File, Format Version 12.00
# Visual Studio Version 16
VisualStudioVersion = 16.0.0.0
MinimumVisualStudioVersion = 16.0.0.0
Project("{9A19103F-16F7-4668-BE54-9A1E7A4F7556}") = "BigBestFarm.Web", "BigBestFarm.Web\BigBestFarm.Web.csproj", "{A01D378F-488F-4853-9CB4-AF8ACD909243}"
EndProject
Project("{9A19103F-16F7-4668-BE54-9A1E7A4F7556}") = "BigBestFarm.Web.Client", "BigBestFarm.Web.Client\BigBestFarm.Web.Client.csproj", "{B5B3CB34-66A5-4A0A-A656-E70CCA00A1D5}"
EndProject
Global
	GlobalSection(SolutionConfigurationPlatforms) = preSolution
		Debug|Any CPU = Debug|Any CPU
		Debug|x64 = Debug|x64
		Debug|x86 = Debug|x86
		Release|Any CPU = Release|Any CPU
		Release|x64 = Release|x64
		Release|x86 = Release|x86
	EndGlobalSection
	GlobalSection(ProjectConfigurationPlatforms) = postSolution
		{B5B3CB34-66A5-4A0A-A656-E70CCA00A1D5}.Debug|Any CPU.ActiveCfg = Debug|Any CPU
		{B5B3CB34-66A5-4A0A-A656-E70CCA00A1D5}.Debug|Any CPU.Build.0 = Debug|Any CPU
		{B5B3CB34-66A5-4A0A-A656-E70CCA00A1D5}.Debug|x64.ActiveCfg = Debug|Any CPU
		{B5B3CB34-66A5-4A0A-A656-E70CCA00A1D5}.Debug|x64.Build.0 = Debug|Any CPU
		{B5B3CB34-66A5-4A0A-A656-E70CCA00A1D5}.Debug|x86.ActiveCfg = Debug|Any CPU
		{B5B3CB34-66A5-4A0A-A656-E70CCA00A1D5}.Debug|x86.Build.0 = Debug|Any CPU
		{B5B3CB34-66A5-4A0A-A656-E70CCA00A1D5}.Release|Any CPU.ActiveCfg = Release|Any CPU
		{B5B3CB34-66A5-4A0A-A656-E70CCA00A1D5}.Release|Any CPU.Build.0 = Release|Any CPU
		{B5B3CB34-66A5-4A0A-A656-E70CCA00A1D5}.Release|x64.ActiveCfg = Release|Any CPU
		{B5B3CB34-66A5-4A0A-A656-E70CCA00A1D5}.Release|x64.Build.0 = Release|Any CPU
		{B5B3CB34-66A5-4A0A-A656-E70CCA00A1D5}.Release|x86.ActiveCfg = Release|Any CPU
		{B5B3CB34-66A5-4A0A-A656-E70CCA00A1D5}.Release|x86.Build.0 = Release|Any CPU
		{A01D378F-488F-4853-9CB4-AF8ACD909243}.Debug|Any CPU.ActiveCfg = Debug|Any CPU
		{A01D378F-488F-4853-9CB4-AF8ACD909243}.Debug|Any CPU.Build.0 = Debug|Any CPU
		{A01D378F-488F-4853-9CB4-AF8ACD909243}.Debug|x64.ActiveCfg = Debug|Any CPU
		{A01D378F-488F-4853-9CB4-AF8ACD909243}.Debug|x64.Build.0 = Debug|Any CPU
		{A01D378F-488F-4853-9CB4-AF8ACD909243}.Debug|x86.ActiveCfg = Debug|Any CPU
		{A01D378F-488F-4853-9CB4-AF8ACD909243}.Debug|x86.Build.0 = Debug|Any CPU
		{A01D378F-488F-4853-9CB4-AF8ACD909243}.Release|Any CPU.ActiveCfg = Release|Any CPU
		{A01D378F-488F-4853-9CB4-AF8ACD909243}.Release|Any CPU.Build.0 = Release|Any CPU
		{A01D378F-488F-4853-9CB4-AF8ACD909243}.Release|x64.ActiveCfg = Release|Any CPU
		{A01D378F-488F-4853-9CB4-AF8ACD909243}.Release|x64.Build.0 = Release|Any CPU
		{A01D378F-488F-4853-9CB4-AF8ACD909243}.Release|x86.ActiveCfg = Release|Any CPU
		{A01D378F-488F-4853-9CB4-AF8ACD909243}.Release|x86.Build.0 = Release|Any CPU
	EndGlobalSection
	GlobalSection(SolutionProperties) = preSolution
		HideSolutionNode = FALSE
	EndGlobalSection
	GlobalSection(ExtensibilityGlobals) = postSolution
		SolutionGuid = {13996ACE-748E-4494-BD3F-360114889878}
	EndGlobalSection
EndGlobal
